
Microsoft Visual Studio Solution File, Format Version 12.00
Project("{FAE04EC0-301F-11D3-BF4B-00C04F79EFBC}") = "API", "API\API.csproj", "{AF2C6006-360A-4BDB-AF19-C268963FA90C}"
EndProject
Project("{FAE04EC0-301F-11D3-BF4B-00C04F79EFBC}") = "Contracts", "Contracts\Contracts.csproj", "{78AF9A3D-BD96-4D5B-9F64-CD4F9232603E}"
EndProject
Project("{FAE04EC0-301F-11D3-BF4B-00C04F79EFBC}") = "Implementations.OpenAI", "Implementations.OpenAI\Implementations.OpenAI.csproj", "{585C0574-A3D4-44D8-889E-307C5DA5CCE7}"
EndProject
Project("{FAE04EC0-301F-11D3-BF4B-00C04F79EFBC}") = "SDK", "SDK\SDK.csproj", "{6C207047-C754-4A08-AFAA-6ADD6014E425}"
EndProject
Project("{FAE04EC0-301F-11D3-BF4B-00C04F79EFBC}") = "Implementations.GoogleVertexAI", "Implementations.GoogleVertexAI\Implementations.GoogleVertexAI.csproj", "{F9841181-501B-4782-943F-219723CC32F0}"
EndProject
Global
	GlobalSection(SolutionConfigurationPlatforms) = preSolution
		Debug|Any CPU = Debug|Any CPU
		Release|Any CPU = Release|Any CPU
	EndGlobalSection
	GlobalSection(ProjectConfigurationPlatforms) = postSolution
		{AF2C6006-360A-4BDB-AF19-C268963FA90C}.Debug|Any CPU.ActiveCfg = Debug|Any CPU
		{AF2C6006-360A-4BDB-AF19-C268963FA90C}.Debug|Any CPU.Build.0 = Debug|Any CPU
		{AF2C6006-360A-4BDB-AF19-C268963FA90C}.Release|Any CPU.ActiveCfg = Release|Any CPU
		{AF2C6006-360A-4BDB-AF19-C268963FA90C}.Release|Any CPU.Build.0 = Release|Any CPU
		{78AF9A3D-BD96-4D5B-9F64-CD4F9232603E}.Debug|Any CPU.ActiveCfg = Debug|Any CPU
		{78AF9A3D-BD96-4D5B-9F64-CD4F9232603E}.Debug|Any CPU.Build.0 = Debug|Any CPU
		{78AF9A3D-BD96-4D5B-9F64-CD4F9232603E}.Release|Any CPU.ActiveCfg = Release|Any CPU
		{78AF9A3D-BD96-4D5B-9F64-CD4F9232603E}.Release|Any CPU.Build.0 = Release|Any CPU
		{585C0574-A3D4-44D8-889E-307C5DA5CCE7}.Debug|Any CPU.ActiveCfg = Debug|Any CPU
		{585C0574-A3D4-44D8-889E-307C5DA5CCE7}.Debug|Any CPU.Build.0 = Debug|Any CPU
		{585C0574-A3D4-44D8-889E-307C5DA5CCE7}.Release|Any CPU.ActiveCfg = Release|Any CPU
		{585C0574-A3D4-44D8-889E-307C5DA5CCE7}.Release|Any CPU.Build.0 = Release|Any CPU
		{6C207047-C754-4A08-AFAA-6ADD6014E425}.Debug|Any CPU.ActiveCfg = Debug|Any CPU
		{6C207047-C754-4A08-AFAA-6ADD6014E425}.Debug|Any CPU.Build.0 = Debug|Any CPU
		{6C207047-C754-4A08-AFAA-6ADD6014E425}.Release|Any CPU.ActiveCfg = Release|Any CPU
		{6C207047-C754-4A08-AFAA-6ADD6014E425}.Release|Any CPU.Build.0 = Release|Any CPU
		{F9841181-501B-4782-943F-219723CC32F0}.Debug|Any CPU.ActiveCfg = Debug|Any CPU
		{F9841181-501B-4782-943F-219723CC32F0}.Debug|Any CPU.Build.0 = Debug|Any CPU
		{F9841181-501B-4782-943F-219723CC32F0}.Release|Any CPU.ActiveCfg = Release|Any CPU
		{F9841181-501B-4782-943F-219723CC32F0}.Release|Any CPU.Build.0 = Release|Any CPU
	EndGlobalSection
EndGlobal
